{
  "name": "hubot-voice-client",
  "version": "1.0.0",
  "lockfileVersion": 1,
  "requires": true,
  "dependencies": {
    "speech-to-text": {
      "version": "0.4.4",
      "resolved": "https://registry.npmjs.org/speech-to-text/-/speech-to-text-0.4.4.tgz",
      "integrity": "sha1-8J39keZ3avtez1zxd4YwPZYuUAM="
    }
  }
}
